
Microsoft Visual Studio Solution File, Format Version 12.00
# Visual Studio Version 16
VisualStudioVersion = 16.0.29509.3
MinimumVisualStudioVersion = 10.0.40219.1
Project("{FAE04EC0-301F-11D3-BF4B-00C04F79EFBC}") = "WpfNoXaml", "WpfNoXaml\WpfNoXaml.csproj", "{298765AE-9F13-45DB-BEC5-A0C9FDD11866}"
EndProject
Global
	GlobalSection(SolutionConfigurationPlatforms) = preSolution
		Debug|Any CPU = Debug|Any CPU
		Release|Any CPU = Release|Any CPU
	EndGlobalSection
	GlobalSection(ProjectConfigurationPlatforms) = postSolution
		{298765AE-9F13-45DB-BEC5-A0C9FDD11866}.Debug|Any CPU.ActiveCfg = Debug|Any CPU
		{298765AE-9F13-45DB-BEC5-A0C9FDD11866}.Debug|Any CPU.Build.0 = Debug|Any CPU
		{298765AE-9F13-45DB-BEC5-A0C9FDD11866}.Release|Any CPU.ActiveCfg = Release|Any CPU
		{298765AE-9F13-45DB-BEC5-A0C9FDD11866}.Release|Any CPU.Build.0 = Release|Any CPU
	EndGlobalSection
	GlobalSection(SolutionProperties) = preSolution
		HideSolutionNode = FALSE
	EndGlobalSection
	GlobalSection(ExtensibilityGlobals) = postSolution
		SolutionGuid = {18376334-D5F0-426D-896C-DCEBA624E471}
	EndGlobalSection
EndGlobal
